
Microsoft Visual Studio Solution File, Format Version 12.00
# Visual Studio 2013
VisualStudioVersion = 12.0.40629.0
MinimumVisualStudioVersion = 10.0.40219.1
Project("{FAE04EC0-301F-11D3-BF4B-00C04F79EFBC}") = "MeruPaymentBO", "MeruPaymentBO\MeruPaymentBO.csproj", "{1779ACC1-DB2C-4156-96BA-D2489FD35F67}"
EndProject
Project("{2150E333-8FDC-42A3-9474-1A3956D46DE8}") = ".nuget", ".nuget", "{4FE25491-1521-4B8B-BD44-A865714BB9A7}"
	ProjectSection(SolutionItems) = preProject
		.nuget\NuGet.Config = .nuget\NuGet.Config
		.nuget\NuGet.exe = .nuget\NuGet.exe
		.nuget\NuGet.pdb = .nuget\NuGet.pdb
		.nuget\NuGet.targets = .nuget\NuGet.targets
	EndProjectSection
EndProject
Project("{FAE04EC0-301F-11D3-BF4B-00C04F79EFBC}") = "MeruPaymentBAL", "MeruPaymentBAL\MeruPaymentBAL.csproj", "{DED49858-0DD7-4784-A64B-15615DCE7368}"
EndProject
Project("{FAE04EC0-301F-11D3-BF4B-00C04F79EFBC}") = "MeruPaymentDAL", "MeruPaymentDAL\MeruPaymentDAL.csproj", "{4C10E1C1-CD8A-464B-B8E3-12F7A541AF08}"
EndProject
Project("{FAE04EC0-301F-11D3-BF4B-00C04F79EFBC}") = "MeruPaymentCore", "MeruPaymentCore\MeruPaymentCore.csproj", "{CE51669D-6B96-44A8-9B9D-32D5B63CB22B}"
EndProject
Project("{FAE04EC0-301F-11D3-BF4B-00C04F79EFBC}") = "PaymentInstrumentDisableService", "PaymentInstrumentDisableService\PaymentInstrumentDisableService.csproj", "{BCCD8B18-FECF-4B32-BEB3-D85222550EBC}"
EndProject
Project("{FAE04EC0-301F-11D3-BF4B-00C04F79EFBC}") = "MeruPaymentRefund", "MeruPaymentRefund\MeruPaymentRefund.csproj", "{354CC443-F91F-4A2C-B240-FA7096BD9403}"
EndProject
Project("{FAE04EC0-301F-11D3-BF4B-00C04F79EFBC}") = "MeruPaymentReconcileService", "MeruPaymentReconcileService\MeruPaymentReconcileService.csproj", "{9FABB144-FC85-4D5F-BC47-44ECE62C193F}"
EndProject
Project("{FAE04EC0-301F-11D3-BF4B-00C04F79EFBC}") = "PaymentLinkIssueService", "PaymentLinkIssueService\PaymentLinkIssueService.csproj", "{2B0F277B-8EC0-4433-AEB2-F72C0CEE2BC2}"
EndProject
Project("{FAE04EC0-301F-11D3-BF4B-00C04F79EFBC}") = "MeruPaymentWeb", "MeruPaymentWeb\MeruPaymentWeb.csproj", "{61EB447B-1DD1-4E28-B640-DCADD2DA4A2B}"
EndProject
Project("{FAE04EC0-301F-11D3-BF4B-00C04F79EFBC}") = "MeruPayment.App", "MeruPayment.App\MeruPayment.App.csproj", "{DE409E5B-75EA-4256-A0F3-969BD21285FF}"
EndProject
Project("{FAE04EC0-301F-11D3-BF4B-00C04F79EFBC}") = "MeruPayment.AppEx", "MeruPayment.AppEx\MeruPayment.AppEx.csproj", "{8D3A1F10-7AB0-4EE2-936A-73530727EDD8}"
EndProject
Project("{FAE04EC0-301F-11D3-BF4B-00C04F79EFBC}") = "MeruPayment.Test", "MeruPayment.Test\MeruPayment.Test.csproj", "{A8BD7DB0-EFD8-4BAF-8889-5ED82A4F949B}"
EndProject
Global
	GlobalSection(SolutionConfigurationPlatforms) = preSolution
		Debug|Any CPU = Debug|Any CPU
		Release|Any CPU = Release|Any CPU
	EndGlobalSection
	GlobalSection(ProjectConfigurationPlatforms) = postSolution
		{1779ACC1-DB2C-4156-96BA-D2489FD35F67}.Debug|Any CPU.ActiveCfg = Debug|Any CPU
		{1779ACC1-DB2C-4156-96BA-D2489FD35F67}.Debug|Any CPU.Build.0 = Debug|Any CPU
		{1779ACC1-DB2C-4156-96BA-D2489FD35F67}.Release|Any CPU.ActiveCfg = Release|Any CPU
		{1779ACC1-DB2C-4156-96BA-D2489FD35F67}.Release|Any CPU.Build.0 = Release|Any CPU
		{DED49858-0DD7-4784-A64B-15615DCE7368}.Debug|Any CPU.ActiveCfg = Debug|Any CPU
		{DED49858-0DD7-4784-A64B-15615DCE7368}.Debug|Any CPU.Build.0 = Debug|Any CPU
		{DED49858-0DD7-4784-A64B-15615DCE7368}.Release|Any CPU.ActiveCfg = Release|Any CPU
		{DED49858-0DD7-4784-A64B-15615DCE7368}.Release|Any CPU.Build.0 = Release|Any CPU
		{4C10E1C1-CD8A-464B-B8E3-12F7A541AF08}.Debug|Any CPU.ActiveCfg = Debug|Any CPU
		{4C10E1C1-CD8A-464B-B8E3-12F7A541AF08}.Debug|Any CPU.Build.0 = Debug|Any CPU
		{4C10E1C1-CD8A-464B-B8E3-12F7A541AF08}.Release|Any CPU.ActiveCfg = Release|Any CPU
		{4C10E1C1-CD8A-464B-B8E3-12F7A541AF08}.Release|Any CPU.Build.0 = Release|Any CPU
		{CE51669D-6B96-44A8-9B9D-32D5B63CB22B}.Debug|Any CPU.ActiveCfg = Debug|Any CPU
		{CE51669D-6B96-44A8-9B9D-32D5B63CB22B}.Debug|Any CPU.Build.0 = Debug|Any CPU
		{CE51669D-6B96-44A8-9B9D-32D5B63CB22B}.Release|Any CPU.ActiveCfg = Release|Any CPU
		{CE51669D-6B96-44A8-9B9D-32D5B63CB22B}.Release|Any CPU.Build.0 = Release|Any CPU
		{BCCD8B18-FECF-4B32-BEB3-D85222550EBC}.Debug|Any CPU.ActiveCfg = Debug|Any CPU
		{BCCD8B18-FECF-4B32-BEB3-D85222550EBC}.Debug|Any CPU.Build.0 = Debug|Any CPU
		{BCCD8B18-FECF-4B32-BEB3-D85222550EBC}.Release|Any CPU.ActiveCfg = Release|Any CPU
		{BCCD8B18-FECF-4B32-BEB3-D85222550EBC}.Release|Any CPU.Build.0 = Release|Any CPU
		{354CC443-F91F-4A2C-B240-FA7096BD9403}.Debug|Any CPU.ActiveCfg = Debug|Any CPU
		{354CC443-F91F-4A2C-B240-FA7096BD9403}.Debug|Any CPU.Build.0 = Debug|Any CPU
		{354CC443-F91F-4A2C-B240-FA7096BD9403}.Release|Any CPU.ActiveCfg = Release|Any CPU
		{354CC443-F91F-4A2C-B240-FA7096BD9403}.Release|Any CPU.Build.0 = Release|Any CPU
		{9FABB144-FC85-4D5F-BC47-44ECE62C193F}.Debug|Any CPU.ActiveCfg = Debug|Any CPU
		{9FABB144-FC85-4D5F-BC47-44ECE62C193F}.Debug|Any CPU.Build.0 = Debug|Any CPU
		{9FABB144-FC85-4D5F-BC47-44ECE62C193F}.Release|Any CPU.ActiveCfg = Release|Any CPU
		{9FABB144-FC85-4D5F-BC47-44ECE62C193F}.Release|Any CPU.Build.0 = Release|Any CPU
		{2B0F277B-8EC0-4433-AEB2-F72C0CEE2BC2}.Debug|Any CPU.ActiveCfg = Debug|Any CPU
		{2B0F277B-8EC0-4433-AEB2-F72C0CEE2BC2}.Debug|Any CPU.Build.0 = Debug|Any CPU
		{2B0F277B-8EC0-4433-AEB2-F72C0CEE2BC2}.Release|Any CPU.ActiveCfg = Release|Any CPU
		{2B0F277B-8EC0-4433-AEB2-F72C0CEE2BC2}.Release|Any CPU.Build.0 = Release|Any CPU
		{61EB447B-1DD1-4E28-B640-DCADD2DA4A2B}.Debug|Any CPU.ActiveCfg = Debug|Any CPU
		{61EB447B-1DD1-4E28-B640-DCADD2DA4A2B}.Debug|Any CPU.Build.0 = Debug|Any CPU
		{61EB447B-1DD1-4E28-B640-DCADD2DA4A2B}.Release|Any CPU.ActiveCfg = Release|Any CPU
		{61EB447B-1DD1-4E28-B640-DCADD2DA4A2B}.Release|Any CPU.Build.0 = Release|Any CPU
		{DE409E5B-75EA-4256-A0F3-969BD21285FF}.Debug|Any CPU.ActiveCfg = Debug|Any CPU
		{DE409E5B-75EA-4256-A0F3-969BD21285FF}.Debug|Any CPU.Build.0 = Debug|Any CPU
		{DE409E5B-75EA-4256-A0F3-969BD21285FF}.Release|Any CPU.ActiveCfg = Release|Any CPU
		{DE409E5B-75EA-4256-A0F3-969BD21285FF}.Release|Any CPU.Build.0 = Release|Any CPU
		{8D3A1F10-7AB0-4EE2-936A-73530727EDD8}.Debug|Any CPU.ActiveCfg = Debug|Any CPU
		{8D3A1F10-7AB0-4EE2-936A-73530727EDD8}.Debug|Any CPU.Build.0 = Debug|Any CPU
		{8D3A1F10-7AB0-4EE2-936A-73530727EDD8}.Release|Any CPU.ActiveCfg = Release|Any CPU
		{8D3A1F10-7AB0-4EE2-936A-73530727EDD8}.Release|Any CPU.Build.0 = Release|Any CPU
		{A8BD7DB0-EFD8-4BAF-8889-5ED82A4F949B}.Debug|Any CPU.ActiveCfg = Debug|Any CPU
		{A8BD7DB0-EFD8-4BAF-8889-5ED82A4F949B}.Debug|Any CPU.Build.0 = Debug|Any CPU
		{A8BD7DB0-EFD8-4BAF-8889-5ED82A4F949B}.Release|Any CPU.ActiveCfg = Release|Any CPU
		{A8BD7DB0-EFD8-4BAF-8889-5ED82A4F949B}.Release|Any CPU.Build.0 = Release|Any CPU
	EndGlobalSection
	GlobalSection(SolutionProperties) = preSolution
		HideSolutionNode = FALSE
	EndGlobalSection
EndGlobal
